{
  "name": "sample_test",
  "lockfileVersion": 3,
  "requires": true,
  "packages": {
    "": {
      "dependencies": {
        "sample_package": "file:../sample_package"
      }
    },
    "../sample_package": {
      "version": "1.0.0",
      "license": "ISC"
    },
    "node_modules/sample_package": {
      "resolved": "../sample_package",
      "link": true
    }
  }
}
